
Microsoft Visual Studio Solution File, Format Version 12.00
# Visual Studio Version 17
VisualStudioVersion = 17.8.34330.188
MinimumVisualStudioVersion = 10.0.40219.1
Project("{9A19103F-16F7-4668-BE54-9A1E7A4F7556}") = "ShortMovieUI", "ShortMovieUI\ShortMovieUI.csproj", "{79FB112D-4677-45E0-ACF4-6949A257F36C}"
EndProject
Project("{9A19103F-16F7-4668-BE54-9A1E7A4F7556}") = "EntityLayer", "EntityLayer\EntityLayer.csproj", "{519BBFD1-2A0F-4773-A502-D0B6DC192355}"
EndProject
Project("{9A19103F-16F7-4668-BE54-9A1E7A4F7556}") = "DataAccessLayer", "DataAccessLayer\DataAccessLayer.csproj", "{603E423E-4B2A-4ECD-A8FB-38AF905E0614}"
EndProject
Project("{9A19103F-16F7-4668-BE54-9A1E7A4F7556}") = "BusinessLayer", "BusinessLayer\BusinessLayer.csproj", "{BAA2FF05-AF43-4B11-85B8-ED0803117413}"
EndProject
Global
	GlobalSection(SolutionConfigurationPlatforms) = preSolution
		Debug|Any CPU = Debug|Any CPU
		Release|Any CPU = Release|Any CPU
	EndGlobalSection
	GlobalSection(ProjectConfigurationPlatforms) = postSolution
		{79FB112D-4677-45E0-ACF4-6949A257F36C}.Debug|Any CPU.ActiveCfg = Debug|Any CPU
		{79FB112D-4677-45E0-ACF4-6949A257F36C}.Debug|Any CPU.Build.0 = Debug|Any CPU
		{79FB112D-4677-45E0-ACF4-6949A257F36C}.Release|Any CPU.ActiveCfg = Release|Any CPU
		{79FB112D-4677-45E0-ACF4-6949A257F36C}.Release|Any CPU.Build.0 = Release|Any CPU
		{519BBFD1-2A0F-4773-A502-D0B6DC192355}.Debug|Any CPU.ActiveCfg = Debug|Any CPU
		{519BBFD1-2A0F-4773-A502-D0B6DC192355}.Debug|Any CPU.Build.0 = Debug|Any CPU
		{519BBFD1-2A0F-4773-A502-D0B6DC192355}.Release|Any CPU.ActiveCfg = Release|Any CPU
		{519BBFD1-2A0F-4773-A502-D0B6DC192355}.Release|Any CPU.Build.0 = Release|Any CPU
		{603E423E-4B2A-4ECD-A8FB-38AF905E0614}.Debug|Any CPU.ActiveCfg = Debug|Any CPU
		{603E423E-4B2A-4ECD-A8FB-38AF905E0614}.Debug|Any CPU.Build.0 = Debug|Any CPU
		{603E423E-4B2A-4ECD-A8FB-38AF905E0614}.Release|Any CPU.ActiveCfg = Release|Any CPU
		{603E423E-4B2A-4ECD-A8FB-38AF905E0614}.Release|Any CPU.Build.0 = Release|Any CPU
		{BAA2FF05-AF43-4B11-85B8-ED0803117413}.Debug|Any CPU.ActiveCfg = Debug|Any CPU
		{BAA2FF05-AF43-4B11-85B8-ED0803117413}.Debug|Any CPU.Build.0 = Debug|Any CPU
		{BAA2FF05-AF43-4B11-85B8-ED0803117413}.Release|Any CPU.ActiveCfg = Release|Any CPU
		{BAA2FF05-AF43-4B11-85B8-ED0803117413}.Release|Any CPU.Build.0 = Release|Any CPU
	EndGlobalSection
	GlobalSection(SolutionProperties) = preSolution
		HideSolutionNode = FALSE
	EndGlobalSection
	GlobalSection(ExtensibilityGlobals) = postSolution
		SolutionGuid = {DFA011EC-87FE-4060-86EA-32415A8DEB0A}
	EndGlobalSection
EndGlobal
